
Microsoft Visual Studio Solution File, Format Version 12.00
# Visual Studio 15
VisualStudioVersion = 15.0.28010.2026
MinimumVisualStudioVersion = 10.0.40219.1
Project("{FAE04EC0-301F-11D3-BF4B-00C04F79EFBC}") = "GroupsList", "GroupsList\GroupsList.csproj", "{FF550284-1D54-4BF9-956D-7CFB95579367}"
EndProject
Project("{FAE04EC0-301F-11D3-BF4B-00C04F79EFBC}") = "Bussines.Logic", "Bussines.Logic\Bussines.Logic.csproj", "{52586D4F-041F-4BD3-8DB4-5B0237AFC660}"
EndProject
Global
	GlobalSection(SolutionConfigurationPlatforms) = preSolution
		Debug|Any CPU = Debug|Any CPU
		Release|Any CPU = Release|Any CPU
	EndGlobalSection
	GlobalSection(ProjectConfigurationPlatforms) = postSolution
		{FF550284-1D54-4BF9-956D-7CFB95579367}.Debug|Any CPU.ActiveCfg = Debug|Any CPU
		{FF550284-1D54-4BF9-956D-7CFB95579367}.Debug|Any CPU.Build.0 = Debug|Any CPU
		{FF550284-1D54-4BF9-956D-7CFB95579367}.Release|Any CPU.ActiveCfg = Release|Any CPU
		{FF550284-1D54-4BF9-956D-7CFB95579367}.Release|Any CPU.Build.0 = Release|Any CPU
		{52586D4F-041F-4BD3-8DB4-5B0237AFC660}.Debug|Any CPU.ActiveCfg = Debug|Any CPU
		{52586D4F-041F-4BD3-8DB4-5B0237AFC660}.Debug|Any CPU.Build.0 = Debug|Any CPU
		{52586D4F-041F-4BD3-8DB4-5B0237AFC660}.Release|Any CPU.ActiveCfg = Release|Any CPU
		{52586D4F-041F-4BD3-8DB4-5B0237AFC660}.Release|Any CPU.Build.0 = Release|Any CPU
	EndGlobalSection
	GlobalSection(SolutionProperties) = preSolution
		HideSolutionNode = FALSE
	EndGlobalSection
	GlobalSection(ExtensibilityGlobals) = postSolution
		SolutionGuid = {3EFCA562-27EA-4B76-93F2-795E79CADEAA}
	EndGlobalSection
EndGlobal
